
Microsoft Visual Studio Solution File, Format Version 12.00
# Visual Studio 11
Project("{E24C65DC-7377-472B-9ABA-BC803B73C61A}") = "code", "http://localhost:15579", "{4327A5A5-A7C5-46A4-84C2-7A28D585B5E1}"
	ProjectSection(WebsiteProperties) = preProject
		Debug.AspNetCompiler.Debug = "True"
		Debug.AspNetCompiler.FixedNames = "false"
		Debug.AspNetCompiler.ForceOverwrite = "true"
		Debug.AspNetCompiler.PhysicalPath = "..\code\"
		Debug.AspNetCompiler.TargetPath = "PrecompiledWeb\localhost_15579\"
		Debug.AspNetCompiler.Updateable = "true"
		Debug.AspNetCompiler.VirtualPath = "/localhost_15579"
		Release.AspNetCompiler.Debug = "False"
		Release.AspNetCompiler.FixedNames = "false"
		Release.AspNetCompiler.ForceOverwrite = "true"
		Release.AspNetCompiler.PhysicalPath = "..\code\"
		Release.AspNetCompiler.TargetPath = "PrecompiledWeb\localhost_15579\"
		Release.AspNetCompiler.Updateable = "true"
		Release.AspNetCompiler.VirtualPath = "/localhost_15579"
		SlnRelativePath = "..\code\"
		TargetFrameworkMoniker = ".NETFramework,Version%3Dv4.0"
		UseIISExpress = "true"
	EndProjectSection
EndProject
Global
	GlobalSection(SolutionConfigurationPlatforms) = preSolution
		Debug|Any CPU = Debug|Any CPU
	EndGlobalSection
	GlobalSection(ProjectConfigurationPlatforms) = postSolution
		{4327A5A5-A7C5-46A4-84C2-7A28D585B5E1}.Debug|Any CPU.ActiveCfg = Debug|Any CPU
		{4327A5A5-A7C5-46A4-84C2-7A28D585B5E1}.Debug|Any CPU.Build.0 = Debug|Any CPU
	EndGlobalSection
	GlobalSection(SolutionProperties) = preSolution
		HideSolutionNode = FALSE
	EndGlobalSection
EndGlobal
